
Microsoft Visual Studio Solution File, Format Version 12.00
# Visual Studio Version 16
VisualStudioVersion = 16.0.31005.135
MinimumVisualStudioVersion = 10.0.40219.1
Project("{FAE04EC0-301F-11D3-BF4B-00C04F79EFBC}") = "RestApiExample.Android", "RestApiExample.Android\RestApiExample.Android.csproj", "{60677B39-66C2-49EB-BA24-7FBDDAB19E37}"
EndProject
Project("{FAE04EC0-301F-11D3-BF4B-00C04F79EFBC}") = "RestApiExample.iOS", "RestApiExample.iOS\RestApiExample.iOS.csproj", "{5371CB75-1824-4B27-BDBF-C876F2BE893F}"
EndProject
Project("{FAE04EC0-301F-11D3-BF4B-00C04F79EFBC}") = "RestApiExample", "RestApiExample\RestApiExample.csproj", "{6D2530FF-6DEE-49FB-8713-9127E2D66CC2}"
EndProject
Global
	GlobalSection(SolutionConfigurationPlatforms) = preSolution
		Debug|Any CPU = Debug|Any CPU
		Debug|iPhone = Debug|iPhone
		Debug|iPhoneSimulator = Debug|iPhoneSimulator
		Release|Any CPU = Release|Any CPU
		Release|iPhone = Release|iPhone
		Release|iPhoneSimulator = Release|iPhoneSimulator
	EndGlobalSection
	GlobalSection(ProjectConfigurationPlatforms) = postSolution
		{60677B39-66C2-49EB-BA24-7FBDDAB19E37}.Debug|Any CPU.ActiveCfg = Debug|Any CPU
		{60677B39-66C2-49EB-BA24-7FBDDAB19E37}.Debug|Any CPU.Build.0 = Debug|Any CPU
		{60677B39-66C2-49EB-BA24-7FBDDAB19E37}.Debug|Any CPU.Deploy.0 = Debug|Any CPU
		{60677B39-66C2-49EB-BA24-7FBDDAB19E37}.Debug|iPhone.ActiveCfg = Debug|Any CPU
		{60677B39-66C2-49EB-BA24-7FBDDAB19E37}.Debug|iPhone.Build.0 = Debug|Any CPU
		{60677B39-66C2-49EB-BA24-7FBDDAB19E37}.Debug|iPhone.Deploy.0 = Debug|Any CPU
		{60677B39-66C2-49EB-BA24-7FBDDAB19E37}.Debug|iPhoneSimulator.ActiveCfg = Debug|Any CPU
		{60677B39-66C2-49EB-BA24-7FBDDAB19E37}.Debug|iPhoneSimulator.Build.0 = Debug|Any CPU
		{60677B39-66C2-49EB-BA24-7FBDDAB19E37}.Debug|iPhoneSimulator.Deploy.0 = Debug|Any CPU
		{60677B39-66C2-49EB-BA24-7FBDDAB19E37}.Release|Any CPU.ActiveCfg = Release|Any CPU
		{60677B39-66C2-49EB-BA24-7FBDDAB19E37}.Release|Any CPU.Build.0 = Release|Any CPU
		{60677B39-66C2-49EB-BA24-7FBDDAB19E37}.Release|Any CPU.Deploy.0 = Release|Any CPU
		{60677B39-66C2-49EB-BA24-7FBDDAB19E37}.Release|iPhone.ActiveCfg = Release|Any CPU
		{60677B39-66C2-49EB-BA24-7FBDDAB19E37}.Release|iPhone.Build.0 = Release|Any CPU
		{60677B39-66C2-49EB-BA24-7FBDDAB19E37}.Release|iPhone.Deploy.0 = Release|Any CPU
		{60677B39-66C2-49EB-BA24-7FBDDAB19E37}.Release|iPhoneSimulator.ActiveCfg = Release|Any CPU
		{60677B39-66C2-49EB-BA24-7FBDDAB19E37}.Release|iPhoneSimulator.Build.0 = Release|Any CPU
		{60677B39-66C2-49EB-BA24-7FBDDAB19E37}.Release|iPhoneSimulator.Deploy.0 = Release|Any CPU
		{5371CB75-1824-4B27-BDBF-C876F2BE893F}.Debug|Any CPU.ActiveCfg = Debug|iPhone
		{5371CB75-1824-4B27-BDBF-C876F2BE893F}.Debug|Any CPU.Build.0 = Debug|iPhone
		{5371CB75-1824-4B27-BDBF-C876F2BE893F}.Debug|Any CPU.Deploy.0 = Debug|iPhone
		{5371CB75-1824-4B27-BDBF-C876F2BE893F}.Debug|iPhone.ActiveCfg = Debug|iPhone
		{5371CB75-1824-4B27-BDBF-C876F2BE893F}.Debug|iPhone.Build.0 = Debug|iPhone
		{5371CB75-1824-4B27-BDBF-C876F2BE893F}.Debug|iPhone.Deploy.0 = Debug|iPhone
		{5371CB75-1824-4B27-BDBF-C876F2BE893F}.Debug|iPhoneSimulator.ActiveCfg = Debug|iPhoneSimulator
		{5371CB75-1824-4B27-BDBF-C876F2BE893F}.Debug|iPhoneSimulator.Build.0 = Debug|iPhoneSimulator
		{5371CB75-1824-4B27-BDBF-C876F2BE893F}.Debug|iPhoneSimulator.Deploy.0 = Debug|iPhoneSimulator
		{5371CB75-1824-4B27-BDBF-C876F2BE893F}.Release|Any CPU.ActiveCfg = Release|iPhoneSimulator
		{5371CB75-1824-4B27-BDBF-C876F2BE893F}.Release|Any CPU.Build.0 = Release|iPhoneSimulator
		{5371CB75-1824-4B27-BDBF-C876F2BE893F}.Release|Any CPU.Deploy.0 = Release|iPhoneSimulator
		{5371CB75-1824-4B27-BDBF-C876F2BE893F}.Release|iPhone.ActiveCfg = Release|iPhone
		{5371CB75-1824-4B27-BDBF-C876F2BE893F}.Release|iPhone.Build.0 = Release|iPhone
		{5371CB75-1824-4B27-BDBF-C876F2BE893F}.Release|iPhone.Deploy.0 = Release|iPhone
		{5371CB75-1824-4B27-BDBF-C876F2BE893F}.Release|iPhoneSimulator.ActiveCfg = Release|iPhoneSimulator
		{5371CB75-1824-4B27-BDBF-C876F2BE893F}.Release|iPhoneSimulator.Build.0 = Release|iPhoneSimulator
		{5371CB75-1824-4B27-BDBF-C876F2BE893F}.Release|iPhoneSimulator.Deploy.0 = Release|iPhoneSimulator
		{6D2530FF-6DEE-49FB-8713-9127E2D66CC2}.Debug|Any CPU.ActiveCfg = Debug|Any CPU
		{6D2530FF-6DEE-49FB-8713-9127E2D66CC2}.Debug|Any CPU.Build.0 = Debug|Any CPU
		{6D2530FF-6DEE-49FB-8713-9127E2D66CC2}.Debug|Any CPU.Deploy.0 = Debug|Any CPU
		{6D2530FF-6DEE-49FB-8713-9127E2D66CC2}.Debug|iPhone.ActiveCfg = Debug|Any CPU
		{6D2530FF-6DEE-49FB-8713-9127E2D66CC2}.Debug|iPhone.Build.0 = Debug|Any CPU
		{6D2530FF-6DEE-49FB-8713-9127E2D66CC2}.Debug|iPhone.Deploy.0 = Debug|Any CPU
		{6D2530FF-6DEE-49FB-8713-9127E2D66CC2}.Debug|iPhoneSimulator.ActiveCfg = Debug|Any CPU
		{6D2530FF-6DEE-49FB-8713-9127E2D66CC2}.Debug|iPhoneSimulator.Build.0 = Debug|Any CPU
		{6D2530FF-6DEE-49FB-8713-9127E2D66CC2}.Debug|iPhoneSimulator.Deploy.0 = Debug|Any CPU
		{6D2530FF-6DEE-49FB-8713-9127E2D66CC2}.Release|Any CPU.ActiveCfg = Release|Any CPU
		{6D2530FF-6DEE-49FB-8713-9127E2D66CC2}.Release|Any CPU.Build.0 = Release|Any CPU
		{6D2530FF-6DEE-49FB-8713-9127E2D66CC2}.Release|Any CPU.Deploy.0 = Release|Any CPU
		{6D2530FF-6DEE-49FB-8713-9127E2D66CC2}.Release|iPhone.ActiveCfg = Release|Any CPU
		{6D2530FF-6DEE-49FB-8713-9127E2D66CC2}.Release|iPhone.Build.0 = Release|Any CPU
		{6D2530FF-6DEE-49FB-8713-9127E2D66CC2}.Release|iPhone.Deploy.0 = Release|Any CPU
		{6D2530FF-6DEE-49FB-8713-9127E2D66CC2}.Release|iPhoneSimulator.ActiveCfg = Release|Any CPU
		{6D2530FF-6DEE-49FB-8713-9127E2D66CC2}.Release|iPhoneSimulator.Build.0 = Release|Any CPU
		{6D2530FF-6DEE-49FB-8713-9127E2D66CC2}.Release|iPhoneSimulator.Deploy.0 = Release|Any CPU
	EndGlobalSection
	GlobalSection(SolutionProperties) = preSolution
		HideSolutionNode = FALSE
	EndGlobalSection
	GlobalSection(ExtensibilityGlobals) = postSolution
		SolutionGuid = {4FC4B776-78FC-461B-92CB-0A7AA336F1F7}
	EndGlobalSection
EndGlobal
